<?xml version="1.0" encoding="utf-8"?>
<Project ToolsVersion="4.0" xmlns="http://schemas.microsoft.com/developer/msbuild/2003">
  <ItemGroup>
    <Filter Include="ソース ファイル">
      <UniqueIdentifier>{4FC737F1-C7A5-4376-A066-2A32D752A2FF}</UniqueIdentifier>
      <Extensions>cpp;c;cc;cxx;c++;cppm;ixx;def;odl;idl;hpj;bat;asm;asmx</Extensions>
    </Filter>
    <Filter Include="ヘッダー ファイル">
      <UniqueIdentifier>{93995380-89BD-4b04-88EB-625FBE52EBFB}</UniqueIdentifier>
      <Extensions>h;hh;hpp;hxx;h++;hm;inl;inc;ipp;xsd</Extensions>
    </Filter>
    <Filter Include="リソース ファイル">
      <UniqueIdentifier>{67DA6AB6-F800-4c08-8B7A-83BB121AAD01}</UniqueIdentifier>
      <Extensions>rc;ico;cur;bmp;dlg;rc2;rct;bin;rgs;gif;jpg;jpeg;jpe;resx;tiff;tif;png;wav;mfcribbon-ms</Extensions>
    </Filter>
    <Filter Include="ソース ファイル\Systems">
      <UniqueIdentifier>{4ca1c875-84cd-4f12-88f6-2218f191e9c3}</UniqueIdentifier>
    </Filter>
    <Filter Include="ソース ファイル\Systems\DirectX">
      <UniqueIdentifier>{381d99a9-8214-4392-a5d7-66d0e2235378}</UniqueIdentifier>
    </Filter>
    <Filter Include="ソース ファイル\Systems\DirectX\Default">
      <UniqueIdentifier>{1a83c89b-9bd8-4a28-9b16-0f539bebfd33}</UniqueIdentifier>
    </Filter>
    <Filter Include="ソース ファイル\Systems\DirectX\Plus">
      <UniqueIdentifier>{515a462e-eb17-401d-915f-ca9307c28b60}</UniqueIdentifier>
    </Filter>
    <Filter Include="ヘッダー ファイル\Systems">
      <UniqueIdentifier>{58b3257d-dd61-4c53-8b2c-e19e2cf1822c}</UniqueIdentifier>
    </Filter>
    <Filter Include="ヘッダー ファイル\Systems\DirectX">
      <UniqueIdentifier>{ee53f9b3-b32d-4d4f-85c6-20ef7ac4918e}</UniqueIdentifier>
    </Filter>
    <Filter Include="ヘッダー ファイル\Systems\DirectX\Default">
      <UniqueIdentifier>{1da085cf-fe5e-49d8-82b7-13fce8c44dab}</UniqueIdentifier>
    </Filter>
    <Filter Include="ヘッダー ファイル\Systems\DirectX\Plus">
      <UniqueIdentifier>{fd9a4480-4fb7-4a17-b89e-9cd601e6d476}</UniqueIdentifier>
    </Filter>
    <Filter Include="ソース ファイル\App">
      <UniqueIdentifier>{fd879046-47f0-4241-bbc0-20ef2203ac0e}</UniqueIdentifier>
    </Filter>
    <Filter Include="ヘッダー ファイル\App">
      <UniqueIdentifier>{52e83d49-38a5-4072-865e-c8a88c67d700}</UniqueIdentifier>
    </Filter>
    <Filter Include="ヘッダー ファイル\GameSystem">
      <UniqueIdentifier>{5528e9d0-0b3f-471b-84d9-3a2fbbb16664}</UniqueIdentifier>
    </Filter>
    <Filter Include="ソース ファイル\GameSystem">
      <UniqueIdentifier>{6fe166e1-42f1-4adc-bd29-025338b37659}</UniqueIdentifier>
    </Filter>
    <Filter Include="ヘッダー ファイル\GameSystem\Mode">
      <UniqueIdentifier>{2f30d4dd-f13c-40e1-9b1e-d0fc6380a045}</UniqueIdentifier>
    </Filter>
    <Filter Include="ソース ファイル\Systems\Communication_Systems">
      <UniqueIdentifier>{66c40724-feb2-4d86-9821-567738f5c134}</UniqueIdentifier>
    </Filter>
    <Filter Include="ヘッダー ファイル\Systems\Communication_Systems">
      <UniqueIdentifier>{1102fa29-bfb1-4b5f-9617-f52961bfac5e}</UniqueIdentifier>
    </Filter>
    <Filter Include="ソース ファイル\GameSystem\Mode">
      <UniqueIdentifier>{98849ed4-9171-400f-8d84-2e8b55a04dd9}</UniqueIdentifier>
    </Filter>
  </ItemGroup>
  <ItemGroup>
    <ClCompile Include="_geometory.cpp">
      <Filter>ソース ファイル\Systems\DirectX\Default</Filter>
    </ClCompile>
    <ClCompile Include="_model.cpp">
      <Filter>ソース ファイル\Systems\DirectX\Default</Filter>
    </ClCompile>
    <ClCompile Include="Camera.cpp">
      <Filter>ソース ファイル\Systems\DirectX\Default</Filter>
    </ClCompile>
    <ClCompile Include="CameraDebug.cpp">
      <Filter>ソース ファイル\Systems\DirectX\Default</Filter>
    </ClCompile>
    <ClCompile Include="DirectX.cpp">
      <Filter>ソース ファイル\Systems\DirectX\Default</Filter>
    </ClCompile>
    <ClCompile Include="Geometory.cpp">
      <Filter>ソース ファイル\Systems\DirectX\Default</Filter>
    </ClCompile>
    <ClCompile Include="MeshBuffer.cpp">
      <Filter>ソース ファイル\Systems\DirectX\Default</Filter>
    </ClCompile>
    <ClCompile Include="Model.cpp">
      <Filter>ソース ファイル\Systems\DirectX\Default</Filter>
    </ClCompile>
    <ClCompile Include="Shader.cpp">
      <Filter>ソース ファイル\Systems\DirectX\Default</Filter>
    </ClCompile>
    <ClCompile Include="ShaderList.cpp">
      <Filter>ソース ファイル\Systems\DirectX\Default</Filter>
    </ClCompile>
    <ClCompile Include="Sound.cpp">
      <Filter>ソース ファイル\Systems\DirectX\Default</Filter>
    </ClCompile>
    <ClCompile Include="Sprite.cpp">
      <Filter>ソース ファイル\Systems\DirectX\Default</Filter>
    </ClCompile>
    <ClCompile Include="Texture.cpp">
      <Filter>ソース ファイル\Systems\DirectX\Default</Filter>
    </ClCompile>
    <ClCompile Include="Main.cpp">
      <Filter>ソース ファイル\App</Filter>
    </ClCompile>
    <ClCompile Include="Controller.cpp">
      <Filter>ソース ファイル\Systems\DirectX\Plus</Filter>
    </ClCompile>
    <ClCompile Include="ModelEx.cpp">
      <Filter>ソース ファイル\Systems\DirectX\Plus</Filter>
    </ClCompile>
    <ClCompile Include="Startup.cpp">
      <Filter>ソース ファイル\App</Filter>
    </ClCompile>
    <ClCompile Include="SceneGame.cpp">
      <Filter>ソース ファイル\App</Filter>
    </ClCompile>
    <ClCompile Include="Input.cpp">
      <Filter>ソース ファイル\Systems\DirectX\Plus</Filter>
    </ClCompile>
    <ClCompile Include="SpriteDrawer.cpp">
      <Filter>ソース ファイル\Systems\DirectX\Default</Filter>
    </ClCompile>
    <ClCompile Include="File.cpp">
      <Filter>ソース ファイル\GameSystem\Mode</Filter>
    </ClCompile>
    <ClCompile Include="Player.cpp">
      <Filter>ソース ファイル\GameSystem\Mode</Filter>
    </ClCompile>
    <ClCompile Include="StageSelect.cpp">
      <Filter>ソース ファイル\GameSystem\Mode</Filter>
    </ClCompile>
    <ClCompile Include="Battle.cpp">
      <Filter>ソース ファイル\GameSystem\Mode</Filter>
    </ClCompile>
    <ClCompile Include="Character.cpp">
      <Filter>ソース ファイル\GameSystem\Mode</Filter>
    </ClCompile>
    <ClCompile Include="FieldVertex.cpp">
      <Filter>ソース ファイル\GameSystem\Mode</Filter>
    </ClCompile>
    <ClCompile Include="Conection_Sys.cpp">
      <Filter>ソース ファイル\Systems\Communication_Systems</Filter>
    </ClCompile>
    <ClCompile Include="SceneTitle.cpp">
      <Filter>ソース ファイル</Filter>
    </ClCompile>
    <ClCompile Include="DebugRoom.cpp">
      <Filter>ソース ファイル\Systems</Filter>
    </ClCompile>
    <ClCompile Include="SoundList.cpp">
      <Filter>ソース ファイル\Systems\DirectX\Plus</Filter>
    </ClCompile>
    <ClCompile Include="Field.cpp">
      <Filter>ソース ファイル\GameSystem\Mode</Filter>
    </ClCompile>
    <ClCompile Include="InputEx.cpp">
      <Filter>ソース ファイル\Systems\DirectX\Plus</Filter>
    </ClCompile>
    <ClCompile Include="SpriteEx.cpp">
      <Filter>ソース ファイル\Systems\DirectX\Plus</Filter>
    </ClCompile>
    <ClCompile Include="SceneDebug.cpp">
      <Filter>ソース ファイル</Filter>
    </ClCompile>
    <ClCompile Include="BackGround.cpp">
      <Filter>ソース ファイル\GameSystem\Mode</Filter>
    </ClCompile>
    <ClCompile Include="LibEffekseer.cpp">
      <Filter>ソース ファイル\Systems\DirectX\Plus</Filter>
    </ClCompile>
    <ClCompile Include="StarLine.cpp">
      <Filter>ソース ファイル\Systems\DirectX\Plus</Filter>
    </ClCompile>
    <ClCompile Include="Option.cpp">
      <Filter>ソース ファイル\Systems\DirectX\Default</Filter>
    </ClCompile>
    <ClCompile Include="EffectManager.cpp">
      <Filter>ソース ファイル\Systems\DirectX\Plus</Filter>
    </ClCompile>
    <ClCompile Include="Fade.cpp">
      <Filter>ソース ファイル</Filter>
    </ClCompile>
    <ClCompile Include="FadeBlack.cpp">
      <Filter>ソース ファイル</Filter>
    </ClCompile>
    <ClCompile Include="NumberUI.cpp">
      <Filter>ソース ファイル</Filter>
    </ClCompile>
    <ClCompile Include="Scene.cpp">
      <Filter>ソース ファイル</Filter>
    </ClCompile>
    <ClCompile Include="SceneResult.cpp">
      <Filter>ソース ファイル</Filter>
    </ClCompile>
    <ClCompile Include="UI.cpp">
      <Filter>ソース ファイル</Filter>
    </ClCompile>
    <ClCompile Include="Model_anime.cpp">
      <Filter>ソース ファイル</Filter>
    </ClCompile>
    <ClCompile Include="Model_check.cpp">
      <Filter>ソース ファイル</Filter>
    </ClCompile>
    <ClCompile Include="Model_get.cpp">
      <Filter>ソース ファイル</Filter>
    </ClCompile>
    <ClCompile Include="Model_morph.cpp">
      <Filter>ソース ファイル</Filter>
    </ClCompile>
    <ClCompile Include="Easing.cpp">
      <Filter>ソース ファイル</Filter>
    </ClCompile>
  </ItemGroup>
  <ItemGroup>
    <ClInclude Include="Camera.h">
      <Filter>ヘッダー ファイル\Systems\DirectX\Default</Filter>
    </ClInclude>
    <ClInclude Include="CameraDebug.h">
      <Filter>ヘッダー ファイル\Systems\DirectX\Default</Filter>
    </ClInclude>
    <ClInclude Include="Defines.h">
      <Filter>ヘッダー ファイル\Systems\DirectX\Default</Filter>
    </ClInclude>
    <ClInclude Include="DirectX.h">
      <Filter>ヘッダー ファイル\Systems\DirectX\Default</Filter>
    </ClInclude>
    <ClInclude Include="Geometory.h">
      <Filter>ヘッダー ファイル\Systems\DirectX\Default</Filter>
    </ClInclude>
    <ClInclude Include="Input.h">
      <Filter>ヘッダー ファイル\Systems\DirectX\Default</Filter>
    </ClInclude>
    <ClInclude Include="MeshBuffer.h">
      <Filter>ヘッダー ファイル\Systems\DirectX\Default</Filter>
    </ClInclude>
    <ClInclude Include="Model.h">
      <Filter>ヘッダー ファイル\Systems\DirectX\Default</Filter>
    </ClInclude>
    <ClInclude Include="Shader.h">
      <Filter>ヘッダー ファイル\Systems\DirectX\Default</Filter>
    </ClInclude>
    <ClInclude Include="ShaderList.h">
      <Filter>ヘッダー ファイル\Systems\DirectX\Default</Filter>
    </ClInclude>
    <ClInclude Include="Sound.h">
      <Filter>ヘッダー ファイル\Systems\DirectX\Default</Filter>
    </ClInclude>
    <ClInclude Include="Sprite.h">
      <Filter>ヘッダー ファイル\Systems\DirectX\Default</Filter>
    </ClInclude>
    <ClInclude Include="Texture.h">
      <Filter>ヘッダー ファイル\Systems\DirectX\Default</Filter>
    </ClInclude>
    <ClInclude Include="Controller.h">
      <Filter>ヘッダー ファイル\Systems\DirectX\Plus</Filter>
    </ClInclude>
    <ClInclude Include="ModelEx.h">
      <Filter>ヘッダー ファイル\Systems\DirectX\Plus</Filter>
    </ClInclude>
    <ClInclude Include="Main.h">
      <Filter>ヘッダー ファイル\App</Filter>
    </ClInclude>
    <ClInclude Include="SceneGame.h">
      <Filter>ヘッダー ファイル\App</Filter>
    </ClInclude>
    <ClInclude Include="_StructList.h">
      <Filter>ヘッダー ファイル\Systems</Filter>
    </ClInclude>
    <ClInclude Include="SpriteDrawer.h">
      <Filter>ヘッダー ファイル\Systems\DirectX\Default</Filter>
    </ClInclude>
    <ClInclude Include="Battle.h">
      <Filter>ヘッダー ファイル\GameSystem\Mode</Filter>
    </ClInclude>
    <ClInclude Include="Character.h">
      <Filter>ヘッダー ファイル\GameSystem\Mode</Filter>
    </ClInclude>
    <ClInclude Include="FieldVertex.h">
      <Filter>ヘッダー ファイル\GameSystem\Mode</Filter>
    </ClInclude>
    <ClInclude Include="File.h">
      <Filter>ヘッダー ファイル\GameSystem\Mode</Filter>
    </ClInclude>
    <ClInclude Include="Player.h">
      <Filter>ヘッダー ファイル\GameSystem\Mode</Filter>
    </ClInclude>
    <ClInclude Include="StageSelect.h">
      <Filter>ヘッダー ファイル\GameSystem\Mode</Filter>
    </ClInclude>
    <ClInclude Include="Definition.h">
      <Filter>ヘッダー ファイル\Systems\Communication_Systems</Filter>
    </ClInclude>
    <ClInclude Include="Conection_Sys.h">
      <Filter>ヘッダー ファイル\Systems\Communication_Systems</Filter>
    </ClInclude>
    <ClInclude Include="SceneTitle.h">
      <Filter>ヘッダー ファイル</Filter>
    </ClInclude>
    <ClInclude Include="DebugRoom.h">
      <Filter>ヘッダー ファイル\Systems</Filter>
    </ClInclude>
    <ClInclude Include="SoundList.h">
      <Filter>ヘッダー ファイル\Systems\DirectX\Plus</Filter>
    </ClInclude>
    <ClInclude Include="Field.h">
      <Filter>ヘッダー ファイル\GameSystem\Mode</Filter>
    </ClInclude>
    <ClInclude Include="InputEx.h">
      <Filter>ヘッダー ファイル\Systems\DirectX\Plus</Filter>
    </ClInclude>
    <ClInclude Include="SpriteEx.h">
      <Filter>ヘッダー ファイル\Systems\DirectX\Plus</Filter>
    </ClInclude>
    <ClInclude Include="SceneDebug.h">
      <Filter>ヘッダー ファイル</Filter>
    </ClInclude>
    <ClInclude Include="LibEffekseer.h">
      <Filter>ヘッダー ファイル\Systems\DirectX\Plus</Filter>
    </ClInclude>
    <ClInclude Include="StarLine.h">
      <Filter>ヘッダー ファイル\Systems\DirectX\Plus</Filter>
    </ClInclude>
    <ClInclude Include="Option.h">
      <Filter>ヘッダー ファイル</Filter>
    </ClInclude>
    <ClInclude Include="EffectManager.h">
      <Filter>ヘッダー ファイル\Systems\DirectX\Plus</Filter>
    </ClInclude>
    <ClInclude Include="resource.h">
      <Filter>ヘッダー ファイル</Filter>
    </ClInclude>
    <ClInclude Include="Fade.h">
      <Filter>ヘッダー ファイル</Filter>
    </ClInclude>
    <ClInclude Include="FadeBlack.h">
      <Filter>ヘッダー ファイル</Filter>
    </ClInclude>
    <ClInclude Include="NumberUI.h">
      <Filter>ヘッダー ファイル</Filter>
    </ClInclude>
    <ClInclude Include="Scene.h">
      <Filter>ヘッダー ファイル</Filter>
    </ClInclude>
    <ClInclude Include="SceneResult.h">
      <Filter>ヘッダー ファイル</Filter>
    </ClInclude>
    <ClInclude Include="UI.h">
      <Filter>ヘッダー ファイル</Filter>
    </ClInclude>
    <ClInclude Include="BackGround.h">
      <Filter>ヘッダー ファイル</Filter>
    </ClInclude>
    <ClInclude Include="Easing.h">
      <Filter>ヘッダー ファイル</Filter>
    </ClInclude>
  </ItemGroup>
  <ItemGroup>
    <ResourceCompile Include="HEW.rc">
      <Filter>リソース ファイル</Filter>
    </ResourceCompile>
  </ItemGroup>
  <ItemGroup>
    <Image Include="logo.ico">
      <Filter>リソース ファイル</Filter>
    </Image>
  </ItemGroup>
  <ItemGroup>
    <Text Include="コードクリーンアップメモ.txt">
      <Filter>リソース ファイル</Filter>
    </Text>
  </ItemGroup>
</Project>